// !$*UTF8*$!
{
	archiveVersion = 1;
	classes = {
	};
	objectVersion = 50;
	objects = {

/* Begin PBXBuildFile section */
		C33593052235072B0023DA08 /* AppDelegate.swift in Sources */ = {isa = PBXBuildFile; fileRef = C33593042235072B0023DA08 /* AppDelegate.swift */; };
		C335930A2235072B0023DA08 /* Main.storyboard in Resources */ = {isa = PBXBuildFile; fileRef = C33593082235072B0023DA08 /* Main.storyboard */; };
		C335930C2235072D0023DA08 /* Assets.xcassets in Resources */ = {isa = PBXBuildFile; fileRef = C335930B2235072D0023DA08 /* Assets.xcassets */; };
		C335930F2235072D0023DA08 /* LaunchScreen.storyboard in Resources */ = {isa = PBXBuildFile; fileRef = C335930D2235072D0023DA08 /* LaunchScreen.storyboard */; };
		C335931A2235072D0023DA08 /* ToDoListTests.swift in Sources */ = {isa = PBXBuildFile; fileRef = C33593192235072D0023DA08 /* ToDoListTests.swift */; };
		C335932622350A9F0023DA08 /* ToDoViewController.swift in Sources */ = {isa = PBXBuildFile; fileRef = C335932522350A9F0023DA08 /* ToDoViewController.swift */; };
		C335932822350AB40023DA08 /* DoingViewController.swift in Sources */ = {isa = PBXBuildFile; fileRef = C335932722350AB40023DA08 /* DoingViewController.swift */; };
		C335932A22350ABC0023DA08 /* DoneViewController.swift in Sources */ = {isa = PBXBuildFile; fileRef = C335932922350ABC0023DA08 /* DoneViewController.swift */; };
		C335932E22350E660023DA08 /* ToDo.swift in Sources */ = {isa = PBXBuildFile; fileRef = C335932D22350E660023DA08 /* ToDo.swift */; };
/* End PBXBuildFile section */

/* Begin PBXContainerItemProxy section */
		C33593162235072D0023DA08 /* PBXContainerItemProxy */ = {
			isa = PBXContainerItemProxy;
			containerPortal = C33592F92235072B0023DA08 /* Project object */;
			proxyType = 1;
			remoteGlobalIDString = C33593002235072B0023DA08;
			remoteInfo = ToDoList;
		};
/* End PBXContainerItemProxy section */

/* Begin PBXFileReference section */
		C33593012235072B0023DA08 /* ToDoList.app */ = {isa = PBXFileReference; explicitFileType = wrapper.application; includeInIndex = 0; path = ToDoList.app; sourceTree = BUILT_PRODUCTS_DIR; };
		C33593042235072B0023DA08 /* AppDelegate.swift */ = {isa = PBXFileReference; lastKnownFileType = sourcecode.swift; path = AppDelegate.swift; sourceTree = "<group>"; };
		C33593092235072B0023DA08 /* Base */ = {isa = PBXFileReference; lastKnownFileType = file.storyboard; name = Base; path = Base.lproj/Main.storyboard; sourceTree = "<group>"; };
		C335930B2235072D0023DA08 /* Assets.xcassets */ = {isa = PBXFileReference; lastKnownFileType = folder.assetcatalog; path = Assets.xcassets; sourceTree = "<group>"; };
		C335930E2235072D0023DA08 /* Base */ = {isa = PBXFileReference; lastKnownFileType = file.storyboard; name = Base; path = Base.lproj/LaunchScreen.storyboard; sourceTree = "<group>"; };
		C33593102235072D0023DA08 /* Info.plist */ = {isa = PBXFileReference; lastKnownFileType = text.plist.xml; path = Info.plist; sourceTree = "<group>"; };
		C33593152235072D0023DA08 /* ToDoListTests.xctest */ = {isa = PBXFileReference; explicitFileType = wrapper.cfbundle; includeInIndex = 0; path = ToDoListTests.xctest; sourceTree = BUILT_PRODUCTS_DIR; };
		C33593192235072D0023DA08 /* ToDoListTests.swift */ = {isa = PBXFileReference; lastKnownFileType = sourcecode.swift; path = ToDoListTests.swift; sourceTree = "<group>"; };
		C335931B2235072D0023DA08 /* Info.plist */ = {isa = PBXFileReference; lastKnownFileType = text.plist.xml; path = Info.plist; sourceTree = "<group>"; };
		C335932522350A9F0023DA08 /* ToDoViewController.swift */ = {isa = PBXFileReference; lastKnownFileType = sourcecode.swift; path = ToDoViewController.swift; sourceTree = "<group>"; };
		C335932722350AB40023DA08 /* DoingViewController.swift */ = {isa = PBXFileReference; lastKnownFileType = sourcecode.swift; path = DoingViewController.swift; sourceTree = "<group>"; };
		C335932922350ABC0023DA08 /* DoneViewController.swift */ = {isa = PBXFileReference; lastKnownFileType = sourcecode.swift; path = DoneViewController.swift; sourceTree = "<group>"; };
		C335932D22350E660023DA08 /* ToDo.swift */ = {isa = PBXFileReference; lastKnownFileType = sourcecode.swift; path = ToDo.swift; sourceTree = "<group>"; };
/* End PBXFileReference section */

/* Begin PBXFrameworksBuildPhase section */
		C33592FE2235072B0023DA08 /* Frameworks */ = {
			isa = PBXFrameworksBuildPhase;
			buildActionMask = 2147483647;
			files = (
			);
			runOnlyForDeploymentPostprocessing = 0;
		};
		C33593122235072D0023DA08 /* Frameworks */ = {
			isa = PBXFrameworksBuildPhase;
			buildActionMask = 2147483647;
			files = (
			);
			runOnlyForDeploymentPostprocessing = 0;
		};
/* End PBXFrameworksBuildPhase section */

/* Begin PBXGroup section */
		C33592F82235072B0023DA08 = {
			isa = PBXGroup;
			children = (
				C33593032235072B0023DA08 /* ToDoList */,
				C33593182235072D0023DA08 /* ToDoListTests */,
				C33593022235072B0023DA08 /* Products */,
			);
			sourceTree = "<group>";
		};
		C33593022235072B0023DA08 /* Products */ = {
			isa = PBXGroup;
			children = (
				C33593012235072B0023DA08 /* ToDoList.app */,
				C33593152235072D0023DA08 /* ToDoListTests.xctest */,
			);
			name = Products;
			sourceTree = "<group>";
		};
		C33593032235072B0023DA08 /* ToDoList */ = {
			isa = PBXGroup;
			children = (
				C335932C22350E3F0023DA08 /* Models */,
				C335932422350A840023DA08 /* ViewControllers */,
				C33593042235072B0023DA08 /* AppDelegate.swift */,
				C33593082235072B0023DA08 /* Main.storyboard */,
				C335930B2235072D0023DA08 /* Assets.xcassets */,
				C335930D2235072D0023DA08 /* LaunchScreen.storyboard */,
				C33593102235072D0023DA08 /* Info.plist */,
			);
			path = ToDoList;
			sourceTree = "<group>";
		};
		C33593182235072D0023DA08 /* ToDoListTests */ = {
			isa = PBXGroup;
			children = (
				C33593192235072D0023DA08 /* ToDoListTests.swift */,
				C335931B2235072D0023DA08 /* Info.plist */,
			);
			path = ToDoListTests;
			sourceTree = "<group>";
		};
		C335932422350A840023DA08 /* ViewControllers */ = {
			isa = PBXGroup;
			children = (
				C335932522350A9F0023DA08 /* ToDoViewController.swift */,
				C335932722350AB40023DA08 /* DoingViewController.swift */,
				C335932922350ABC0023DA08 /* DoneViewController.swift */,
			);
			path = ViewControllers;
			sourceTree = "<group>";
		};
		C335932C22350E3F0023DA08 /* Models */ = {
			isa = PBXGroup;
			children = (
				C335932D22350E660023DA08 /* ToDo.swift */,
			);
			path = Models;
			sourceTree = "<group>";
		};
/* End PBXGroup section */

/* Begin PBXNativeTarget section */
		C33593002235072B0023DA08 /* ToDoList */ = {
			isa = PBXNativeTarget;
			buildConfigurationList = C335931E2235072D0023DA08 /* Build configuration list for PBXNativeTarget "ToDoList" */;
			buildPhases = (
				C33592FD2235072B0023DA08 /* Sources */,
				C33592FE2235072B0023DA08 /* Frameworks */,
				C33592FF2235072B0023DA08 /* Resources */,
			);
			buildRules = (
			);
			dependencies = (
			);
			name = ToDoList;
			productName = ToDoList;
			productReference = C33593012235072B0023DA08 /* ToDoList.app */;
			productType = "com.apple.product-type.application";
		};
		C33593142235072D0023DA08 /* ToDoListTests */ = {
			isa = PBXNativeTarget;
			buildConfigurationList = C33593212235072D0023DA08 /* Build configuration list for PBXNativeTarget "ToDoListTests" */;
			buildPhases = (
				C33593112235072D0023DA08 /* Sources */,
				C33593122235072D0023DA08 /* Frameworks */,
				C33593132235072D0023DA08 /* Resources */,
			);
			buildRules = (
			);
			dependencies = (
				C33593172235072D0023DA08 /* PBXTargetDependency */,
			);
			name = ToDoListTests;
			productName = ToDoListTests;
			productReference = C33593152235072D0023DA08 /* ToDoListTests.xctest */;
			productType = "com.apple.product-type.bundle.unit-test";
		};
/* End PBXNativeTarget section */

/* Begin PBXProject section */
		C33592F92235072B0023DA08 /* Project object */ = {
			isa = PBXProject;
			attributes = {
				LastSwiftUpdateCheck = 1010;
				LastUpgradeCheck = 1010;
				ORGANIZATIONNAME = "Emre Kızıldaş";
				TargetAttributes = {
					C33593002235072B0023DA08 = {
						CreatedOnToolsVersion = 10.1;
					};
					C33593142235072D0023DA08 = {
						CreatedOnToolsVersion = 10.1;
						TestTargetID = C33593002235072B0023DA08;
					};
				};
			};
			buildConfigurationList = C33592FC2235072B0023DA08 /* Build configuration list for PBXProject "ToDoList" */;
			compatibilityVersion = "Xcode 9.3";
			developmentRegion = en;
			hasScannedForEncodings = 0;
			knownRegions = (
				en,
				Base,
			);
			mainGroup = C33592F82235072B0023DA08;
			productRefGroup = C33593022235072B0023DA08 /* Products */;
			projectDirPath = "";
			projectRoot = "";
			targets = (
				C33593002235072B0023DA08 /* ToDoList */,
				C33593142235072D0023DA08 /* ToDoListTests */,
			);
		};
/* End PBXProject section */

/* Begin PBXResourcesBuildPhase section */
		C33592FF2235072B0023DA08 /* Resources */ = {
			isa = PBXResourcesBuildPhase;
			buildActionMask = 2147483647;
			files = (
				C335930F2235072D0023DA08 /* LaunchScreen.storyboard in Resources */,
				C335930C2235072D0023DA08 /* Assets.xcassets in Resources */,
				C335930A2235072B0023DA08 /* Main.storyboard in Resources */,
			);
			runOnlyForDeploymentPostprocessing = 0;
		};
		C33593132235072D0023DA08 /* Resources */ = {
			isa = PBXResourcesBuildPhase;
			buildActionMask = 2147483647;
			files = (
			);
			runOnlyForDeploymentPostprocessing = 0;
		};
/* End PBXResourcesBuildPhase section */

/* Begin PBXSourcesBuildPhase section */
		C33592FD2235072B0023DA08 /* Sources */ = {
			isa = PBXSourcesBuildPhase;
			buildActionMask = 2147483647;
			files = (
				C335932A22350ABC0023DA08 /* DoneViewController.swift in Sources */,
				C335932E22350E660023DA08 /* ToDo.swift in Sources */,
				C335932822350AB40023DA08 /* DoingViewController.swift in Sources */,
				C335932622350A9F0023DA08 /* ToDoViewController.swift in Sources */,
				C33593052235072B0023DA08 /* AppDelegate.swift in Sources */,
			);
			runOnlyForDeploymentPostprocessing = 0;
		};
		C33593112235072D0023DA08 /* Sources */ = {
			isa = PBXSourcesBuildPhase;
			buildActionMask = 2147483647;
			files = (
				C335931A2235072D0023DA08 /* ToDoListTests.swift in Sources */,
			);
			runOnlyForDeploymentPostprocessing = 0;
		};
/* End PBXSourcesBuildPhase section */

/* Begin PBXTargetDependency section */
		C33593172235072D0023DA08 /* PBXTargetDependency */ = {
			isa = PBXTargetDependency;
			target = C33593002235072B0023DA08 /* ToDoList */;
			targetProxy = C33593162235072D0023DA08 /* PBXContainerItemProxy */;
		};
/* End PBXTargetDependency section */

/* Begin PBXVariantGroup section */
		C33593082235072B0023DA08 /* Main.storyboard */ = {
			isa = PBXVariantGroup;
			children = (
				C33593092235072B0023DA08 /* Base */,
			);
			name = Main.storyboard;
			sourceTree = "<group>";
		};
		C335930D2235072D0023DA08 /* LaunchScreen.storyboard */ = {
			isa = PBXVariantGroup;
			children = (
				C335930E2235072D0023DA08 /* Base */,
			);
			name = LaunchScreen.storyboard;
			sourceTree = "<group>";
		};
/* End PBXVariantGroup section */

/* Begin XCBuildConfiguration section */
		C335931C2235072D0023DA08 /* Debug */ = {
			isa = XCBuildConfiguration;
			buildSettings = {
				ALWAYS_SEARCH_USER_PATHS = NO;
				CLANG_ANALYZER_NONNULL = YES;
				CLANG_ANALYZER_NUMBER_OBJECT_CONVERSION = YES_AGGRESSIVE;
				CLANG_CXX_LANGUAGE_STANDARD = "gnu++14";
				CLANG_CXX_LIBRARY = "libc++";
				CLANG_ENABLE_MODULES = YES;
				CLANG_ENABLE_OBJC_ARC = YES;
				CLANG_ENABLE_OBJC_WEAK = YES;
				CLANG_WARN_BLOCK_CAPTURE_AUTORELEASING = YES;
				CLANG_WARN_BOOL_CONVERSION = YES;
				CLANG_WARN_COMMA = YES;
				CLANG_WARN_CONSTANT_CONVERSION = YES;
				CLANG_WARN_DEPRECATED_OBJC_IMPLEMENTATIONS = YES;
				CLANG_WARN_DIRECT_OBJC_ISA_USAGE = YES_ERROR;
				CLANG_WARN_DOCUMENTATION_COMMENTS = YES;
				CLANG_WARN_EMPTY_BODY = YES;
				CLANG_WARN_ENUM_CONVERSION = YES;
				CLANG_WARN_INFINITE_RECURSION = YES;
				CLANG_WARN_INT_CONVERSION = YES;
				CLANG_WARN_NON_LITERAL_NULL_CONVERSION = YES;
				CLANG_WARN_OBJC_IMPLICIT_RETAIN_SELF = YES;
				CLANG_WARN_OBJC_LITERAL_CONVERSION = YES;
				CLANG_WARN_OBJC_ROOT_CLASS = YES_ERROR;
				CLANG_WARN_RANGE_LOOP_ANALYSIS = YES;
				CLANG_WARN_STRICT_PROTOTYPES = YES;
				CLANG_WARN_SUSPICIOUS_MOVE = YES;
				CLANG_WARN_UNGUARDED_AVAILABILITY = YES_AGGRESSIVE;
				CLANG_WARN_UNREACHABLE_CODE = YES;
				CLANG_WARN__DUPLICATE_METHOD_MATCH = YES;
				CODE_SIGN_IDENTITY = "iPhone Developer";
				COPY_PHASE_STRIP = NO;
				DEBUG_INFORMATION_FORMAT = dwarf;
				ENABLE_STRICT_OBJC_MSGSEND = YES;
				ENABLE_TESTABILITY = YES;
				GCC_C_LANGUAGE_STANDARD = gnu11;
				GCC_DYNAMIC_NO_PIC = NO;
				GCC_NO_COMMON_BLOCKS = YES;
				GCC_OPTIMIZATION_LEVEL = 0;
				GCC_PREPROCESSOR_DEFINITIONS = (
					"DEBUG=1",
					"$(inherited)",
				);
				GCC_WARN_64_TO_32_BIT_CONVERSION = YES;
				GCC_WARN_ABOUT_RETURN_TYPE = YES_ERROR;
				GCC_WARN_UNDECLARED_SELECTOR = YES;
				GCC_WARN_UNINITIALIZED_AUTOS = YES_AGGRESSIVE;
				GCC_WARN_UNUSED_FUNCTION = YES;
				GCC_WARN_UNUSED_VARIABLE = YES;
				IPHONEOS_DEPLOYMENT_TARGET = 12.1;
				MTL_ENABLE_DEBUG_INFO = INCLUDE_SOURCE;
				MTL_FAST_MATH = YES;
				ONLY_ACTIVE_ARCH = YES;
				SDKROOT = iphoneos;
				SWIFT_ACTIVE_COMPILATION_CONDITIONS = DEBUG;
				SWIFT_OPTIMIZATION_LEVEL = "-Onone";
			};
			name = Debug;
		};
		C335931D2235072D0023DA08 /* Release */ = {
			isa = XCBuildConfiguration;
			buildSettings = {
				ALWAYS_SEARCH_USER_PATHS = NO;
				CLANG_ANALYZER_NONNULL = YES;
				CLANG_ANALYZER_NUMBER_OBJECT_CONVERSION = YES_AGGRESSIVE;
				CLANG_CXX_LANGUAGE_STANDARD = "gnu++14";
				CLANG_CXX_LIBRARY = "libc++";
				CLANG_ENABLE_MODULES = YES;
				CLANG_ENABLE_OBJC_ARC = YES;
				CLANG_ENABLE_OBJC_WEAK = YES;
				CLANG_WARN_BLOCK_CAPTURE_AUTORELEASING = YES;
				CLANG_WARN_BOOL_CONVERSION = YES;
				CLANG_WARN_COMMA = YES;
				CLANG_WARN_CONSTANT_CONVERSION = YES;
				CLANG_WARN_DEPRECATED_OBJC_IMPLEMENTATIONS = YES;
				CLANG_WARN_DIRECT_OBJC_ISA_USAGE = YES_ERROR;
				CLANG_WARN_DOCUMENTATION_COMMENTS = YES;
				CLANG_WARN_EMPTY_BODY = YES;
				CLANG_WARN_ENUM_CONVERSION = YES;
				CLANG_WARN_INFINITE_RECURSION = YES;
				CLANG_WARN_INT_CONVERSION = YES;
				CLANG_WARN_NON_LITERAL_NULL_CONVERSION = YES;
				CLANG_WARN_OBJC_IMPLICIT_RETAIN_SELF = YES;
				CLANG_WARN_OBJC_LITERAL_CONVERSION = YES;
				CLANG_WARN_OBJC_ROOT_CLASS = YES_ERROR;
				CLANG_WARN_RANGE_LOOP_ANALYSIS = YES;
				CLANG_WARN_STRICT_PROTOTYPES = YES;
				CLANG_WARN_SUSPICIOUS_MOVE = YES;
				CLANG_WARN_UNGUARDED_AVAILABILITY = YES_AGGRESSIVE;
				CLANG_WARN_UNREACHABLE_CODE = YES;
				CLANG_WARN__DUPLICATE_METHOD_MATCH = YES;
				CODE_SIGN_IDENTITY = "iPhone Developer";
				COPY_PHASE_STRIP = NO;
				DEBUG_INFORMATION_FORMAT = "dwarf-with-dsym";
				ENABLE_NS_ASSERTIONS = NO;
				ENABLE_STRICT_OBJC_MSGSEND = YES;
				GCC_C_LANGUAGE_STANDARD = gnu11;
				GCC_NO_COMMON_BLOCKS = YES;
				GCC_WARN_64_TO_32_BIT_CONVERSION = YES;
				GCC_WARN_ABOUT_RETURN_TYPE = YES_ERROR;
				GCC_WARN_UNDECLARED_SELECTOR = YES;
				GCC_WARN_UNINITIALIZED_AUTOS = YES_AGGRESSIVE;
				GCC_WARN_UNUSED_FUNCTION = YES;
				GCC_WARN_UNUSED_VARIABLE = YES;
				IPHONEOS_DEPLOYMENT_TARGET = 12.1;
				MTL_ENABLE_DEBUG_INFO = NO;
				MTL_FAST_MATH = YES;
				SDKROOT = iphoneos;
				SWIFT_COMPILATION_MODE = wholemodule;
				SWIFT_OPTIMIZATION_LEVEL = "-O";
				VALIDATE_PRODUCT = YES;
			};
			name = Release;
		};
		C335931F2235072D0023DA08 /* Debug */ = {
			isa = XCBuildConfiguration;
			buildSettings = {
				ASSETCATALOG_COMPILER_APPICON_NAME = AppIcon;
				CODE_SIGN_STYLE = Automatic;
				DEVELOPMENT_TEAM = 93RVC2N8BN;
				INFOPLIST_FILE = ToDoList/Info.plist;
				LD_RUNPATH_SEARCH_PATHS = (
					"$(inherited)",
					"@executable_path/Frameworks",
				);
				PRODUCT_BUNDLE_IDENTIFIER = com.kizildas.ToDoList;
				PRODUCT_NAME = "$(TARGET_NAME)";
				SWIFT_VERSION = 4.2;
				TARGETED_DEVICE_FAMILY = "1,2";
			};
			name = Debug;
		};
		C33593202235072D0023DA08 /* Release */ = {
			isa = XCBuildConfiguration;
			buildSettings = {
				ASSETCATALOG_COMPILER_APPICON_NAME = AppIcon;
				CODE_SIGN_STYLE = Automatic;
				DEVELOPMENT_TEAM = 93RVC2N8BN;
				INFOPLIST_FILE = ToDoList/Info.plist;
				LD_RUNPATH_SEARCH_PATHS = (
					"$(inherited)",
					"@executable_path/Frameworks",
				);
				PRODUCT_BUNDLE_IDENTIFIER = com.kizildas.ToDoList;
				PRODUCT_NAME = "$(TARGET_NAME)";
				SWIFT_VERSION = 4.2;
				TARGETED_DEVICE_FAMILY = "1,2";
			};
			name = Release;
		};
		C33593222235072D0023DA08 /* Debug */ = {
			isa = XCBuildConfiguration;
			buildSettings = {
				ALWAYS_EMBED_SWIFT_STANDARD_LIBRARIES = YES;
				BUNDLE_LOADER = "$(TEST_HOST)";
				CODE_SIGN_STYLE = Automatic;
				DEVELOPMENT_TEAM = 93RVC2N8BN;
				INFOPLIST_FILE = ToDoListTests/Info.plist;
				LD_RUNPATH_SEARCH_PATHS = (
					"$(inherited)",
					"@executable_path/Frameworks",
					"@loader_path/Frameworks",
				);
				PRODUCT_BUNDLE_IDENTIFIER = com.kizildas.ToDoListTests;
				PRODUCT_NAME = "$(TARGET_NAME)";
				SWIFT_VERSION = 4.2;
				TARGETED_DEVICE_FAMILY = "1,2";
				TEST_HOST = "$(BUILT_PRODUCTS_DIR)/ToDoList.app/ToDoList";
			};
			name = Debug;
		};
		C33593232235072D0023DA08 /* Release */ = {
			isa = XCBuildConfiguration;
			buildSettings = {
				ALWAYS_EMBED_SWIFT_STANDARD_LIBRARIES = YES;
				BUNDLE_LOADER = "$(TEST_HOST)";
				CODE_SIGN_STYLE = Automatic;
				DEVELOPMENT_TEAM = 93RVC2N8BN;
				INFOPLIST_FILE = ToDoListTests/Info.plist;
				LD_RUNPATH_SEARCH_PATHS = (
					"$(inherited)",
					"@executable_path/Frameworks",
					"@loader_path/Frameworks",
				);
				PRODUCT_BUNDLE_IDENTIFIER = com.kizildas.ToDoListTests;
				PRODUCT_NAME = "$(TARGET_NAME)";
				SWIFT_VERSION = 4.2;
				TARGETED_DEVICE_FAMILY = "1,2";
				TEST_HOST = "$(BUILT_PRODUCTS_DIR)/ToDoList.app/ToDoList";
			};
			name = Release;
		};
/* End XCBuildConfiguration section */

/* Begin XCConfigurationList section */
		C33592FC2235072B0023DA08 /* Build configuration list for PBXProject "ToDoList" */ = {
			isa = XCConfigurationList;
			buildConfigurations = (
				C335931C2235072D0023DA08 /* Debug */,
				C335931D2235072D0023DA08 /* Release */,
			);
			defaultConfigurationIsVisible = 0;
			defaultConfigurationName = Release;
		};
		C335931E2235072D0023DA08 /* Build configuration list for PBXNativeTarget "ToDoList" */ = {
			isa = XCConfigurationList;
			buildConfigurations = (
				C335931F2235072D0023DA08 /* Debug */,
				C33593202235072D0023DA08 /* Release */,
			);
			defaultConfigurationIsVisible = 0;
			defaultConfigurationName = Release;
		};
		C33593212235072D0023DA08 /* Build configuration list for PBXNativeTarget "ToDoListTests" */ = {
			isa = XCConfigurationList;
			buildConfigurations = (
				C33593222235072D0023DA08 /* Debug */,
				C33593232235072D0023DA08 /* Release */,
			);
			defaultConfigurationIsVisible = 0;
			defaultConfigurationName = Release;
		};
/* End XCConfigurationList section */
	};
	rootObject = C33592F92235072B0023DA08 /* Project object */;
}
